
Microsoft Visual Studio Solution File, Format Version 12.00
# Visual Studio Version 17
VisualStudioVersion = 17.10.35004.147
MinimumVisualStudioVersion = 10.0.40219.1
Project("{FAE04EC0-301F-11D3-BF4B-00C04F79EFBC}") = "ArrayContainerTest", "ArrayContainerTest\ArrayContainerTest.csproj", "{F471EF17-37E8-4CC0-959D-B280B6F890BD}"
EndProject
Global
	GlobalSection(SolutionConfigurationPlatforms) = preSolution
		Debug|Any CPU = Debug|Any CPU
		Release|Any CPU = Release|Any CPU
	EndGlobalSection
	GlobalSection(ProjectConfigurationPlatforms) = postSolution
		{F471EF17-37E8-4CC0-959D-B280B6F890BD}.Debug|Any CPU.ActiveCfg = Debug|Any CPU
		{F471EF17-37E8-4CC0-959D-B280B6F890BD}.Debug|Any CPU.Build.0 = Debug|Any CPU
		{F471EF17-37E8-4CC0-959D-B280B6F890BD}.Release|Any CPU.ActiveCfg = Release|Any CPU
		{F471EF17-37E8-4CC0-959D-B280B6F890BD}.Release|Any CPU.Build.0 = Release|Any CPU
	EndGlobalSection
	GlobalSection(SolutionProperties) = preSolution
		HideSolutionNode = FALSE
	EndGlobalSection
	GlobalSection(ExtensibilityGlobals) = postSolution
		SolutionGuid = {DE96DB16-1177-4AA1-A1B9-E942BE4B6E2A}
	EndGlobalSection
EndGlobal
